// !$*UTF8*$!
{
	archiveVersion = 1;
	classes = {
	};
	objectVersion = 50;
	objects = {

/* Begin PBXBuildFile section */
		84AF925D23426FFC00274119 /* AppDelegate.swift in Sources */ = {isa = PBXBuildFile; fileRef = 84AF925C23426FFC00274119 /* AppDelegate.swift */; };
		84AF925F23426FFC00274119 /* SceneDelegate.swift in Sources */ = {isa = PBXBuildFile; fileRef = 84AF925E23426FFC00274119 /* SceneDelegate.swift */; };
		84AF926123426FFC00274119 /* ContentView.swift in Sources */ = {isa = PBXBuildFile; fileRef = 84AF926023426FFC00274119 /* ContentView.swift */; };
		84AF926323426FFD00274119 /* Assets.xcassets in Resources */ = {isa = PBXBuildFile; fileRef = 84AF926223426FFD00274119 /* Assets.xcassets */; };
		84AF926623426FFD00274119 /* Preview Assets.xcassets in Resources */ = {isa = PBXBuildFile; fileRef = 84AF926523426FFD00274119 /* Preview Assets.xcassets */; };
		84AF926923426FFD00274119 /* LaunchScreen.storyboard in Resources */ = {isa = PBXBuildFile; fileRef = 84AF926723426FFD00274119 /* LaunchScreen.storyboard */; };
		84AF927423426FFD00274119 /* SwiftUI_Cell_BindingTests.swift in Sources */ = {isa = PBXBuildFile; fileRef = 84AF927323426FFD00274119 /* SwiftUI_Cell_BindingTests.swift */; };
		84AF927F23426FFD00274119 /* SwiftUI_Cell_BindingUITests.swift in Sources */ = {isa = PBXBuildFile; fileRef = 84AF927E23426FFD00274119 /* SwiftUI_Cell_BindingUITests.swift */; };
/* End PBXBuildFile section */

/* Begin PBXContainerItemProxy section */
		84AF927023426FFD00274119 /* PBXContainerItemProxy */ = {
			isa = PBXContainerItemProxy;
			containerPortal = 84AF925123426FFC00274119 /* Project object */;
			proxyType = 1;
			remoteGlobalIDString = 84AF925823426FFC00274119;
			remoteInfo = SwiftUI_Cell_Binding;
		};
		84AF927B23426FFD00274119 /* PBXContainerItemProxy */ = {
			isa = PBXContainerItemProxy;
			containerPortal = 84AF925123426FFC00274119 /* Project object */;
			proxyType = 1;
			remoteGlobalIDString = 84AF925823426FFC00274119;
			remoteInfo = SwiftUI_Cell_Binding;
		};
/* End PBXContainerItemProxy section */

/* Begin PBXFileReference section */
		84AF925923426FFC00274119 /* SwiftUI_Cell_Binding.app */ = {isa = PBXFileReference; explicitFileType = wrapper.application; includeInIndex = 0; path = SwiftUI_Cell_Binding.app; sourceTree = BUILT_PRODUCTS_DIR; };
		84AF925C23426FFC00274119 /* AppDelegate.swift */ = {isa = PBXFileReference; lastKnownFileType = sourcecode.swift; path = AppDelegate.swift; sourceTree = "<group>"; };
		84AF925E23426FFC00274119 /* SceneDelegate.swift */ = {isa = PBXFileReference; lastKnownFileType = sourcecode.swift; path = SceneDelegate.swift; sourceTree = "<group>"; };
		84AF926023426FFC00274119 /* ContentView.swift */ = {isa = PBXFileReference; lastKnownFileType = sourcecode.swift; path = ContentView.swift; sourceTree = "<group>"; };
		84AF926223426FFD00274119 /* Assets.xcassets */ = {isa = PBXFileReference; lastKnownFileType = folder.assetcatalog; path = Assets.xcassets; sourceTree = "<group>"; };
		84AF926523426FFD00274119 /* Preview Assets.xcassets */ = {isa = PBXFileReference; lastKnownFileType = folder.assetcatalog; path = "Preview Assets.xcassets"; sourceTree = "<group>"; };
		84AF926823426FFD00274119 /* Base */ = {isa = PBXFileReference; lastKnownFileType = file.storyboard; name = Base; path = Base.lproj/LaunchScreen.storyboard; sourceTree = "<group>"; };
		84AF926A23426FFD00274119 /* Info.plist */ = {isa = PBXFileReference; lastKnownFileType = text.plist.xml; path = Info.plist; sourceTree = "<group>"; };
		84AF926F23426FFD00274119 /* SwiftUI_Cell_BindingTests.xctest */ = {isa = PBXFileReference; explicitFileType = wrapper.cfbundle; includeInIndex = 0; path = SwiftUI_Cell_BindingTests.xctest; sourceTree = BUILT_PRODUCTS_DIR; };
		84AF927323426FFD00274119 /* SwiftUI_Cell_BindingTests.swift */ = {isa = PBXFileReference; lastKnownFileType = sourcecode.swift; path = SwiftUI_Cell_BindingTests.swift; sourceTree = "<group>"; };
		84AF927523426FFD00274119 /* Info.plist */ = {isa = PBXFileReference; lastKnownFileType = text.plist.xml; path = Info.plist; sourceTree = "<group>"; };
		84AF927A23426FFD00274119 /* SwiftUI_Cell_BindingUITests.xctest */ = {isa = PBXFileReference; explicitFileType = wrapper.cfbundle; includeInIndex = 0; path = SwiftUI_Cell_BindingUITests.xctest; sourceTree = BUILT_PRODUCTS_DIR; };
		84AF927E23426FFD00274119 /* SwiftUI_Cell_BindingUITests.swift */ = {isa = PBXFileReference; lastKnownFileType = sourcecode.swift; path = SwiftUI_Cell_BindingUITests.swift; sourceTree = "<group>"; };
		84AF928023426FFD00274119 /* Info.plist */ = {isa = PBXFileReference; lastKnownFileType = text.plist.xml; path = Info.plist; sourceTree = "<group>"; };
/* End PBXFileReference section */

/* Begin PBXFrameworksBuildPhase section */
		84AF925623426FFC00274119 /* Frameworks */ = {
			isa = PBXFrameworksBuildPhase;
			buildActionMask = 2147483647;
			files = (
			);
			runOnlyForDeploymentPostprocessing = 0;
		};
		84AF926C23426FFD00274119 /* Frameworks */ = {
			isa = PBXFrameworksBuildPhase;
			buildActionMask = 2147483647;
			files = (
			);
			runOnlyForDeploymentPostprocessing = 0;
		};
		84AF927723426FFD00274119 /* Frameworks */ = {
			isa = PBXFrameworksBuildPhase;
			buildActionMask = 2147483647;
			files = (
			);
			runOnlyForDeploymentPostprocessing = 0;
		};
/* End PBXFrameworksBuildPhase section */

/* Begin PBXGroup section */
		84AF925023426FFC00274119 = {
			isa = PBXGroup;
			children = (
				84AF925B23426FFC00274119 /* SwiftUI_Cell_Binding */,
				84AF927223426FFD00274119 /* SwiftUI_Cell_BindingTests */,
				84AF927D23426FFD00274119 /* SwiftUI_Cell_BindingUITests */,
				84AF925A23426FFC00274119 /* Products */,
			);
			sourceTree = "<group>";
		};
		84AF925A23426FFC00274119 /* Products */ = {
			isa = PBXGroup;
			children = (
				84AF925923426FFC00274119 /* SwiftUI_Cell_Binding.app */,
				84AF926F23426FFD00274119 /* SwiftUI_Cell_BindingTests.xctest */,
				84AF927A23426FFD00274119 /* SwiftUI_Cell_BindingUITests.xctest */,
			);
			name = Products;
			sourceTree = "<group>";
		};
		84AF925B23426FFC00274119 /* SwiftUI_Cell_Binding */ = {
			isa = PBXGroup;
			children = (
				84AF925C23426FFC00274119 /* AppDelegate.swift */,
				84AF925E23426FFC00274119 /* SceneDelegate.swift */,
				84AF926023426FFC00274119 /* ContentView.swift */,
				84AF926223426FFD00274119 /* Assets.xcassets */,
				84AF926723426FFD00274119 /* LaunchScreen.storyboard */,
				84AF926A23426FFD00274119 /* Info.plist */,
				84AF926423426FFD00274119 /* Preview Content */,
			);
			path = SwiftUI_Cell_Binding;
			sourceTree = "<group>";
		};
		84AF926423426FFD00274119 /* Preview Content */ = {
			isa = PBXGroup;
			children = (
				84AF926523426FFD00274119 /* Preview Assets.xcassets */,
			);
			path = "Preview Content";
			sourceTree = "<group>";
		};
		84AF927223426FFD00274119 /* SwiftUI_Cell_BindingTests */ = {
			isa = PBXGroup;
			children = (
				84AF927323426FFD00274119 /* SwiftUI_Cell_BindingTests.swift */,
				84AF927523426FFD00274119 /* Info.plist */,
			);
			path = SwiftUI_Cell_BindingTests;
			sourceTree = "<group>";
		};
		84AF927D23426FFD00274119 /* SwiftUI_Cell_BindingUITests */ = {
			isa = PBXGroup;
			children = (
				84AF927E23426FFD00274119 /* SwiftUI_Cell_BindingUITests.swift */,
				84AF928023426FFD00274119 /* Info.plist */,
			);
			path = SwiftUI_Cell_BindingUITests;
			sourceTree = "<group>";
		};
/* End PBXGroup section */

/* Begin PBXNativeTarget section */
		84AF925823426FFC00274119 /* SwiftUI_Cell_Binding */ = {
			isa = PBXNativeTarget;
			buildConfigurationList = 84AF928323426FFD00274119 /* Build configuration list for PBXNativeTarget "SwiftUI_Cell_Binding" */;
			buildPhases = (
				84AF925523426FFC00274119 /* Sources */,
				84AF925623426FFC00274119 /* Frameworks */,
				84AF925723426FFC00274119 /* Resources */,
			);
			buildRules = (
			);
			dependencies = (
			);
			name = SwiftUI_Cell_Binding;
			productName = SwiftUI_Cell_Binding;
			productReference = 84AF925923426FFC00274119 /* SwiftUI_Cell_Binding.app */;
			productType = "com.apple.product-type.application";
		};
		84AF926E23426FFD00274119 /* SwiftUI_Cell_BindingTests */ = {
			isa = PBXNativeTarget;
			buildConfigurationList = 84AF928623426FFD00274119 /* Build configuration list for PBXNativeTarget "SwiftUI_Cell_BindingTests" */;
			buildPhases = (
				84AF926B23426FFD00274119 /* Sources */,
				84AF926C23426FFD00274119 /* Frameworks */,
				84AF926D23426FFD00274119 /* Resources */,
			);
			buildRules = (
			);
			dependencies = (
				84AF927123426FFD00274119 /* PBXTargetDependency */,
			);
			name = SwiftUI_Cell_BindingTests;
			productName = SwiftUI_Cell_BindingTests;
			productReference = 84AF926F23426FFD00274119 /* SwiftUI_Cell_BindingTests.xctest */;
			productType = "com.apple.product-type.bundle.unit-test";
		};
		84AF927923426FFD00274119 /* SwiftUI_Cell_BindingUITests */ = {
			isa = PBXNativeTarget;
			buildConfigurationList = 84AF928923426FFD00274119 /* Build configuration list for PBXNativeTarget "SwiftUI_Cell_BindingUITests" */;
			buildPhases = (
				84AF927623426FFD00274119 /* Sources */,
				84AF927723426FFD00274119 /* Frameworks */,
				84AF927823426FFD00274119 /* Resources */,
			);
			buildRules = (
			);
			dependencies = (
				84AF927C23426FFD00274119 /* PBXTargetDependency */,
			);
			name = SwiftUI_Cell_BindingUITests;
			productName = SwiftUI_Cell_BindingUITests;
			productReference = 84AF927A23426FFD00274119 /* SwiftUI_Cell_BindingUITests.xctest */;
			productType = "com.apple.product-type.bundle.ui-testing";
		};
/* End PBXNativeTarget section */

/* Begin PBXProject section */
		84AF925123426FFC00274119 /* Project object */ = {
			isa = PBXProject;
			attributes = {
				LastSwiftUpdateCheck = 1110;
				LastUpgradeCheck = 1110;
				ORGANIZATIONNAME = h.crane;
				TargetAttributes = {
					84AF925823426FFC00274119 = {
						CreatedOnToolsVersion = 11.1;
					};
					84AF926E23426FFD00274119 = {
						CreatedOnToolsVersion = 11.1;
						TestTargetID = 84AF925823426FFC00274119;
					};
					84AF927923426FFD00274119 = {
						CreatedOnToolsVersion = 11.1;
						TestTargetID = 84AF925823426FFC00274119;
					};
				};
			};
			buildConfigurationList = 84AF925423426FFC00274119 /* Build configuration list for PBXProject "SwiftUI_Cell_Binding" */;
			compatibilityVersion = "Xcode 9.3";
			developmentRegion = en;
			hasScannedForEncodings = 0;
			knownRegions = (
				en,
				Base,
			);
			mainGroup = 84AF925023426FFC00274119;
			productRefGroup = 84AF925A23426FFC00274119 /* Products */;
			projectDirPath = "";
			projectRoot = "";
			targets = (
				84AF925823426FFC00274119 /* SwiftUI_Cell_Binding */,
				84AF926E23426FFD00274119 /* SwiftUI_Cell_BindingTests */,
				84AF927923426FFD00274119 /* SwiftUI_Cell_BindingUITests */,
			);
		};
/* End PBXProject section */

/* Begin PBXResourcesBuildPhase section */
		84AF925723426FFC00274119 /* Resources */ = {
			isa = PBXResourcesBuildPhase;
			buildActionMask = 2147483647;
			files = (
				84AF926923426FFD00274119 /* LaunchScreen.storyboard in Resources */,
				84AF926623426FFD00274119 /* Preview Assets.xcassets in Resources */,
				84AF926323426FFD00274119 /* Assets.xcassets in Resources */,
			);
			runOnlyForDeploymentPostprocessing = 0;
		};
		84AF926D23426FFD00274119 /* Resources */ = {
			isa = PBXResourcesBuildPhase;
			buildActionMask = 2147483647;
			files = (
			);
			runOnlyForDeploymentPostprocessing = 0;
		};
		84AF927823426FFD00274119 /* Resources */ = {
			isa = PBXResourcesBuildPhase;
			buildActionMask = 2147483647;
			files = (
			);
			runOnlyForDeploymentPostprocessing = 0;
		};
/* End PBXResourcesBuildPhase section */

/* Begin PBXSourcesBuildPhase section */
		84AF925523426FFC00274119 /* Sources */ = {
			isa = PBXSourcesBuildPhase;
			buildActionMask = 2147483647;
			files = (
				84AF925D23426FFC00274119 /* AppDelegate.swift in Sources */,
				84AF925F23426FFC00274119 /* SceneDelegate.swift in Sources */,
				84AF926123426FFC00274119 /* ContentView.swift in Sources */,
			);
			runOnlyForDeploymentPostprocessing = 0;
		};
		84AF926B23426FFD00274119 /* Sources */ = {
			isa = PBXSourcesBuildPhase;
			buildActionMask = 2147483647;
			files = (
				84AF927423426FFD00274119 /* SwiftUI_Cell_BindingTests.swift in Sources */,
			);
			runOnlyForDeploymentPostprocessing = 0;
		};
		84AF927623426FFD00274119 /* Sources */ = {
			isa = PBXSourcesBuildPhase;
			buildActionMask = 2147483647;
			files = (
				84AF927F23426FFD00274119 /* SwiftUI_Cell_BindingUITests.swift in Sources */,
			);
			runOnlyForDeploymentPostprocessing = 0;
		};
/* End PBXSourcesBuildPhase section */

/* Begin PBXTargetDependency section */
		84AF927123426FFD00274119 /* PBXTargetDependency */ = {
			isa = PBXTargetDependency;
			target = 84AF925823426FFC00274119 /* SwiftUI_Cell_Binding */;
			targetProxy = 84AF927023426FFD00274119 /* PBXContainerItemProxy */;
		};
		84AF927C23426FFD00274119 /* PBXTargetDependency */ = {
			isa = PBXTargetDependency;
			target = 84AF925823426FFC00274119 /* SwiftUI_Cell_Binding */;
			targetProxy = 84AF927B23426FFD00274119 /* PBXContainerItemProxy */;
		};
/* End PBXTargetDependency section */

/* Begin PBXVariantGroup section */
		84AF926723426FFD00274119 /* LaunchScreen.storyboard */ = {
			isa = PBXVariantGroup;
			children = (
				84AF926823426FFD00274119 /* Base */,
			);
			name = LaunchScreen.storyboard;
			sourceTree = "<group>";
		};
/* End PBXVariantGroup section */

/* Begin XCBuildConfiguration section */
		84AF928123426FFD00274119 /* Debug */ = {
			isa = XCBuildConfiguration;
			buildSettings = {
				ALWAYS_SEARCH_USER_PATHS = NO;
				CLANG_ANALYZER_NONNULL = YES;
				CLANG_ANALYZER_NUMBER_OBJECT_CONVERSION = YES_AGGRESSIVE;
				CLANG_CXX_LANGUAGE_STANDARD = "gnu++14";
				CLANG_CXX_LIBRARY = "libc++";
				CLANG_ENABLE_MODULES = YES;
				CLANG_ENABLE_OBJC_ARC = YES;
				CLANG_ENABLE_OBJC_WEAK = YES;
				CLANG_WARN_BLOCK_CAPTURE_AUTORELEASING = YES;
				CLANG_WARN_BOOL_CONVERSION = YES;
				CLANG_WARN_COMMA = YES;
				CLANG_WARN_CONSTANT_CONVERSION = YES;
				CLANG_WARN_DEPRECATED_OBJC_IMPLEMENTATIONS = YES;
				CLANG_WARN_DIRECT_OBJC_ISA_USAGE = YES_ERROR;
				CLANG_WARN_DOCUMENTATION_COMMENTS = YES;
				CLANG_WARN_EMPTY_BODY = YES;
				CLANG_WARN_ENUM_CONVERSION = YES;
				CLANG_WARN_INFINITE_RECURSION = YES;
				CLANG_WARN_INT_CONVERSION = YES;
				CLANG_WARN_NON_LITERAL_NULL_CONVERSION = YES;
				CLANG_WARN_OBJC_IMPLICIT_RETAIN_SELF = YES;
				CLANG_WARN_OBJC_LITERAL_CONVERSION = YES;
				CLANG_WARN_OBJC_ROOT_CLASS = YES_ERROR;
				CLANG_WARN_RANGE_LOOP_ANALYSIS = YES;
				CLANG_WARN_STRICT_PROTOTYPES = YES;
				CLANG_WARN_SUSPICIOUS_MOVE = YES;
				CLANG_WARN_UNGUARDED_AVAILABILITY = YES_AGGRESSIVE;
				CLANG_WARN_UNREACHABLE_CODE = YES;
				CLANG_WARN__DUPLICATE_METHOD_MATCH = YES;
				COPY_PHASE_STRIP = NO;
				DEBUG_INFORMATION_FORMAT = dwarf;
				ENABLE_STRICT_OBJC_MSGSEND = YES;
				ENABLE_TESTABILITY = YES;
				GCC_C_LANGUAGE_STANDARD = gnu11;
				GCC_DYNAMIC_NO_PIC = NO;
				GCC_NO_COMMON_BLOCKS = YES;
				GCC_OPTIMIZATION_LEVEL = 0;
				GCC_PREPROCESSOR_DEFINITIONS = (
					"DEBUG=1",
					"$(inherited)",
				);
				GCC_WARN_64_TO_32_BIT_CONVERSION = YES;
				GCC_WARN_ABOUT_RETURN_TYPE = YES_ERROR;
				GCC_WARN_UNDECLARED_SELECTOR = YES;
				GCC_WARN_UNINITIALIZED_AUTOS = YES_AGGRESSIVE;
				GCC_WARN_UNUSED_FUNCTION = YES;
				GCC_WARN_UNUSED_VARIABLE = YES;
				IPHONEOS_DEPLOYMENT_TARGET = 13.1;
				MTL_ENABLE_DEBUG_INFO = INCLUDE_SOURCE;
				MTL_FAST_MATH = YES;
				ONLY_ACTIVE_ARCH = YES;
				SDKROOT = iphoneos;
				SWIFT_ACTIVE_COMPILATION_CONDITIONS = DEBUG;
				SWIFT_OPTIMIZATION_LEVEL = "-Onone";
			};
			name = Debug;
		};
		84AF928223426FFD00274119 /* Release */ = {
			isa = XCBuildConfiguration;
			buildSettings = {
				ALWAYS_SEARCH_USER_PATHS = NO;
				CLANG_ANALYZER_NONNULL = YES;
				CLANG_ANALYZER_NUMBER_OBJECT_CONVERSION = YES_AGGRESSIVE;
				CLANG_CXX_LANGUAGE_STANDARD = "gnu++14";
				CLANG_CXX_LIBRARY = "libc++";
				CLANG_ENABLE_MODULES = YES;
				CLANG_ENABLE_OBJC_ARC = YES;
				CLANG_ENABLE_OBJC_WEAK = YES;
				CLANG_WARN_BLOCK_CAPTURE_AUTORELEASING = YES;
				CLANG_WARN_BOOL_CONVERSION = YES;
				CLANG_WARN_COMMA = YES;
				CLANG_WARN_CONSTANT_CONVERSION = YES;
				CLANG_WARN_DEPRECATED_OBJC_IMPLEMENTATIONS = YES;
				CLANG_WARN_DIRECT_OBJC_ISA_USAGE = YES_ERROR;
				CLANG_WARN_DOCUMENTATION_COMMENTS = YES;
				CLANG_WARN_EMPTY_BODY = YES;
				CLANG_WARN_ENUM_CONVERSION = YES;
				CLANG_WARN_INFINITE_RECURSION = YES;
				CLANG_WARN_INT_CONVERSION = YES;
				CLANG_WARN_NON_LITERAL_NULL_CONVERSION = YES;
				CLANG_WARN_OBJC_IMPLICIT_RETAIN_SELF = YES;
				CLANG_WARN_OBJC_LITERAL_CONVERSION = YES;
				CLANG_WARN_OBJC_ROOT_CLASS = YES_ERROR;
				CLANG_WARN_RANGE_LOOP_ANALYSIS = YES;
				CLANG_WARN_STRICT_PROTOTYPES = YES;
				CLANG_WARN_SUSPICIOUS_MOVE = YES;
				CLANG_WARN_UNGUARDED_AVAILABILITY = YES_AGGRESSIVE;
				CLANG_WARN_UNREACHABLE_CODE = YES;
				CLANG_WARN__DUPLICATE_METHOD_MATCH = YES;
				COPY_PHASE_STRIP = NO;
				DEBUG_INFORMATION_FORMAT = "dwarf-with-dsym";
				ENABLE_NS_ASSERTIONS = NO;
				ENABLE_STRICT_OBJC_MSGSEND = YES;
				GCC_C_LANGUAGE_STANDARD = gnu11;
				GCC_NO_COMMON_BLOCKS = YES;
				GCC_WARN_64_TO_32_BIT_CONVERSION = YES;
				GCC_WARN_ABOUT_RETURN_TYPE = YES_ERROR;
				GCC_WARN_UNDECLARED_SELECTOR = YES;
				GCC_WARN_UNINITIALIZED_AUTOS = YES_AGGRESSIVE;
				GCC_WARN_UNUSED_FUNCTION = YES;
				GCC_WARN_UNUSED_VARIABLE = YES;
				IPHONEOS_DEPLOYMENT_TARGET = 13.1;
				MTL_ENABLE_DEBUG_INFO = NO;
				MTL_FAST_MATH = YES;
				SDKROOT = iphoneos;
				SWIFT_COMPILATION_MODE = wholemodule;
				SWIFT_OPTIMIZATION_LEVEL = "-O";
				VALIDATE_PRODUCT = YES;
			};
			name = Release;
		};
		84AF928423426FFD00274119 /* Debug */ = {
			isa = XCBuildConfiguration;
			buildSettings = {
				ASSETCATALOG_COMPILER_APPICON_NAME = AppIcon;
				CODE_SIGN_STYLE = Automatic;
				DEVELOPMENT_ASSET_PATHS = "\"SwiftUI_Cell_Binding/Preview Content\"";
				ENABLE_PREVIEWS = YES;
				INFOPLIST_FILE = SwiftUI_Cell_Binding/Info.plist;
				LD_RUNPATH_SEARCH_PATHS = (
					"$(inherited)",
					"@executable_path/Frameworks",
				);
				PRODUCT_BUNDLE_IDENTIFIER = "swiftui.player.SwiftUI-Cell-Binding";
				PRODUCT_NAME = "$(TARGET_NAME)";
				SWIFT_VERSION = 5.0;
				TARGETED_DEVICE_FAMILY = "1,2";
			};
			name = Debug;
		};
		84AF928523426FFD00274119 /* Release */ = {
			isa = XCBuildConfiguration;
			buildSettings = {
				ASSETCATALOG_COMPILER_APPICON_NAME = AppIcon;
				CODE_SIGN_STYLE = Automatic;
				DEVELOPMENT_ASSET_PATHS = "\"SwiftUI_Cell_Binding/Preview Content\"";
				ENABLE_PREVIEWS = YES;
				INFOPLIST_FILE = SwiftUI_Cell_Binding/Info.plist;
				LD_RUNPATH_SEARCH_PATHS = (
					"$(inherited)",
					"@executable_path/Frameworks",
				);
				PRODUCT_BUNDLE_IDENTIFIER = "swiftui.player.SwiftUI-Cell-Binding";
				PRODUCT_NAME = "$(TARGET_NAME)";
				SWIFT_VERSION = 5.0;
				TARGETED_DEVICE_FAMILY = "1,2";
			};
			name = Release;
		};
		84AF928723426FFD00274119 /* Debug */ = {
			isa = XCBuildConfiguration;
			buildSettings = {
				ALWAYS_EMBED_SWIFT_STANDARD_LIBRARIES = YES;
				BUNDLE_LOADER = "$(TEST_HOST)";
				CODE_SIGN_STYLE = Automatic;
				INFOPLIST_FILE = SwiftUI_Cell_BindingTests/Info.plist;
				IPHONEOS_DEPLOYMENT_TARGET = 13.1;
				LD_RUNPATH_SEARCH_PATHS = (
					"$(inherited)",
					"@executable_path/Frameworks",
					"@loader_path/Frameworks",
				);
				PRODUCT_BUNDLE_IDENTIFIER = "swiftui.player.SwiftUI-Cell-BindingTests";
				PRODUCT_NAME = "$(TARGET_NAME)";
				SWIFT_VERSION = 5.0;
				TARGETED_DEVICE_FAMILY = "1,2";
				TEST_HOST = "$(BUILT_PRODUCTS_DIR)/SwiftUI_Cell_Binding.app/SwiftUI_Cell_Binding";
			};
			name = Debug;
		};
		84AF928823426FFD00274119 /* Release */ = {
			isa = XCBuildConfiguration;
			buildSettings = {
				ALWAYS_EMBED_SWIFT_STANDARD_LIBRARIES = YES;
				BUNDLE_LOADER = "$(TEST_HOST)";
				CODE_SIGN_STYLE = Automatic;
				INFOPLIST_FILE = SwiftUI_Cell_BindingTests/Info.plist;
				IPHONEOS_DEPLOYMENT_TARGET = 13.1;
				LD_RUNPATH_SEARCH_PATHS = (
					"$(inherited)",
					"@executable_path/Frameworks",
					"@loader_path/Frameworks",
				);
				PRODUCT_BUNDLE_IDENTIFIER = "swiftui.player.SwiftUI-Cell-BindingTests";
				PRODUCT_NAME = "$(TARGET_NAME)";
				SWIFT_VERSION = 5.0;
				TARGETED_DEVICE_FAMILY = "1,2";
				TEST_HOST = "$(BUILT_PRODUCTS_DIR)/SwiftUI_Cell_Binding.app/SwiftUI_Cell_Binding";
			};
			name = Release;
		};
		84AF928A23426FFD00274119 /* Debug */ = {
			isa = XCBuildConfiguration;
			buildSettings = {
				ALWAYS_EMBED_SWIFT_STANDARD_LIBRARIES = YES;
				CODE_SIGN_STYLE = Automatic;
				INFOPLIST_FILE = SwiftUI_Cell_BindingUITests/Info.plist;
				LD_RUNPATH_SEARCH_PATHS = (
					"$(inherited)",
					"@executable_path/Frameworks",
					"@loader_path/Frameworks",
				);
				PRODUCT_BUNDLE_IDENTIFIER = "swiftui.player.SwiftUI-Cell-BindingUITests";
				PRODUCT_NAME = "$(TARGET_NAME)";
				SWIFT_VERSION = 5.0;
				TARGETED_DEVICE_FAMILY = "1,2";
				TEST_TARGET_NAME = SwiftUI_Cell_Binding;
			};
			name = Debug;
		};
		84AF928B23426FFD00274119 /* Release */ = {
			isa = XCBuildConfiguration;
			buildSettings = {
				ALWAYS_EMBED_SWIFT_STANDARD_LIBRARIES = YES;
				CODE_SIGN_STYLE = Automatic;
				INFOPLIST_FILE = SwiftUI_Cell_BindingUITests/Info.plist;
				LD_RUNPATH_SEARCH_PATHS = (
					"$(inherited)",
					"@executable_path/Frameworks",
					"@loader_path/Frameworks",
				);
				PRODUCT_BUNDLE_IDENTIFIER = "swiftui.player.SwiftUI-Cell-BindingUITests";
				PRODUCT_NAME = "$(TARGET_NAME)";
				SWIFT_VERSION = 5.0;
				TARGETED_DEVICE_FAMILY = "1,2";
				TEST_TARGET_NAME = SwiftUI_Cell_Binding;
			};
			name = Release;
		};
/* End XCBuildConfiguration section */

/* Begin XCConfigurationList section */
		84AF925423426FFC00274119 /* Build configuration list for PBXProject "SwiftUI_Cell_Binding" */ = {
			isa = XCConfigurationList;
			buildConfigurations = (
				84AF928123426FFD00274119 /* Debug */,
				84AF928223426FFD00274119 /* Release */,
			);
			defaultConfigurationIsVisible = 0;
			defaultConfigurationName = Release;
		};
		84AF928323426FFD00274119 /* Build configuration list for PBXNativeTarget "SwiftUI_Cell_Binding" */ = {
			isa = XCConfigurationList;
			buildConfigurations = (
				84AF928423426FFD00274119 /* Debug */,
				84AF928523426FFD00274119 /* Release */,
			);
			defaultConfigurationIsVisible = 0;
			defaultConfigurationName = Release;
		};
		84AF928623426FFD00274119 /* Build configuration list for PBXNativeTarget "SwiftUI_Cell_BindingTests" */ = {
			isa = XCConfigurationList;
			buildConfigurations = (
				84AF928723426FFD00274119 /* Debug */,
				84AF928823426FFD00274119 /* Release */,
			);
			defaultConfigurationIsVisible = 0;
			defaultConfigurationName = Release;
		};
		84AF928923426FFD00274119 /* Build configuration list for PBXNativeTarget "SwiftUI_Cell_BindingUITests" */ = {
			isa = XCConfigurationList;
			buildConfigurations = (
				84AF928A23426FFD00274119 /* Debug */,
				84AF928B23426FFD00274119 /* Release */,
			);
			defaultConfigurationIsVisible = 0;
			defaultConfigurationName = Release;
		};
/* End XCConfigurationList section */
	};
	rootObject = 84AF925123426FFC00274119 /* Project object */;
}
